// !$*UTF8*$!
{
	archiveVersion = 1;
	classes = {
	};
	objectVersion = 56;
	objects = {

/* Begin PBXBuildFile section */
		01F387D48924C03C5CC98BA4 /* Pods_GoMoney.framework in Frameworks */ = {isa = PBXBuildFile; fileRef = 91E2DECB5E188E1306C43188 /* Pods_GoMoney.framework */; };
		081DC8982901A99C0005374F /* AddExpenseForm.swift in Sources */ = {isa = PBXBuildFile; fileRef = 081DC8972901A99C0005374F /* AddExpenseForm.swift */; };
		081DC89A2901AD5F0005374F /* AccessoryView.swift in Sources */ = {isa = PBXBuildFile; fileRef = 081DC8992901AD5F0005374F /* AccessoryView.swift */; };
		081DC8A029025C8F0005374F /* GMImageButton.swift in Sources */ = {isa = PBXBuildFile; fileRef = 081DC89F29025C8F0005374F /* GMImageButton.swift */; };
		081DC8A2290274990005374F /* CategoryPickerInputView.swift in Sources */ = {isa = PBXBuildFile; fileRef = 081DC8A1290274990005374F /* CategoryPickerInputView.swift */; };
		082BF94528FCF0D00094FE94 /* SignInPasswordVC.swift in Sources */ = {isa = PBXBuildFile; fileRef = 082BF94428FCF0D00094FE94 /* SignInPasswordVC.swift */; };
		082BF94828FD01400094FE94 /* AuthService.swift in Sources */ = {isa = PBXBuildFile; fileRef = 082BF94728FD01400094FE94 /* AuthService.swift */; };
		082BF94A28FD022D0094FE94 /* GMLoadingView.swift in Sources */ = {isa = PBXBuildFile; fileRef = 082BF94928FD022D0094FE94 /* GMLoadingView.swift */; };
		082BF96828FD1D510094FE94 /* Podfile in Sources */ = {isa = PBXBuildFile; fileRef = 082BF96728FD1D510094FE94 /* Podfile */; };
		082BF96A28FD319F0094FE94 /* GoogleService-Info.plist in Resources */ = {isa = PBXBuildFile; fileRef = 082BF96928FD319E0094FE94 /* GoogleService-Info.plist */; };
		082BF97728FD64A60094FE94 /* SignInViewModel.swift in Sources */ = {isa = PBXBuildFile; fileRef = 082BF97628FD64A60094FE94 /* SignInViewModel.swift */; };
		082BF97D28FD68480094FE94 /* Notification+Name.swift in Sources */ = {isa = PBXBuildFile; fileRef = 082BF97C28FD68480094FE94 /* Notification+Name.swift */; };
		083EA336290659660079605F /* TransactionTag.swift in Sources */ = {isa = PBXBuildFile; fileRef = 083EA335290659660079605F /* TransactionTag.swift */; };
		088D691C29015865003D0660 /* AddExpenseField.swift in Sources */ = {isa = PBXBuildFile; fileRef = 088D691B29015865003D0660 /* AddExpenseField.swift */; };
		088D692029015FBC003D0660 /* DatePickerInputView.swift in Sources */ = {isa = PBXBuildFile; fileRef = 088D691E29015FBC003D0660 /* DatePickerInputView.swift */; };
		088D692129015FBC003D0660 /* ExpenseTextField.swift in Sources */ = {isa = PBXBuildFile; fileRef = 088D691F29015FBC003D0660 /* ExpenseTextField.swift */; };
		08B48B7C290293AE00344650 /* UIBarButtonItem+Extension.swift in Sources */ = {isa = PBXBuildFile; fileRef = 08B48B7B290293AE00344650 /* UIBarButtonItem+Extension.swift */; };
		08C1F24D28FE68A100590512 /* ChartView.swift in Sources */ = {isa = PBXBuildFile; fileRef = 08C1F24A28FE68A000590512 /* ChartView.swift */; };
		08C1F24E28FE68A100590512 /* RecentExpenseCell.swift in Sources */ = {isa = PBXBuildFile; fileRef = 08C1F24B28FE68A000590512 /* RecentExpenseCell.swift */; };
		08C1F24F28FE68A100590512 /* HomeViewController.swift in Sources */ = {isa = PBXBuildFile; fileRef = 08C1F24C28FE68A000590512 /* HomeViewController.swift */; };
		08C1F25128FE68BA00590512 /* GMMainViewController.swift in Sources */ = {isa = PBXBuildFile; fileRef = 08C1F25028FE68BA00590512 /* GMMainViewController.swift */; };
		08C1F25628FE68EB00590512 /* MainNavigationController.swift in Sources */ = {isa = PBXBuildFile; fileRef = 08C1F25428FE68EB00590512 /* MainNavigationController.swift */; };
		08C1F25728FE702A00590512 /* GMLabel.swift in Sources */ = {isa = PBXBuildFile; fileRef = 08C8730D28F7B1FD00DC859D /* GMLabel.swift */; };
		08C1F25928FE849300590512 /* GMExpenseIcon.swift in Sources */ = {isa = PBXBuildFile; fileRef = 08C1F25828FE849300590512 /* GMExpenseIcon.swift */; };
		08C1F25B28FE8B2A00590512 /* Expense.swift in Sources */ = {isa = PBXBuildFile; fileRef = 08C1F25A28FE8B2A00590512 /* Expense.swift */; };
		08C1F25D28FE93E900590512 /* DateFormatter+Extension.swift in Sources */ = {isa = PBXBuildFile; fileRef = 08C1F25C28FE93E900590512 /* DateFormatter+Extension.swift */; };
		08C1F26028FE947E00590512 /* HomeViewModel.swift in Sources */ = {isa = PBXBuildFile; fileRef = 08C1F25F28FE947E00590512 /* HomeViewModel.swift */; };
		08C1F26228FEA16F00590512 /* RollingPitTabBar.swift in Sources */ = {isa = PBXBuildFile; fileRef = 08C1F26128FEA16F00590512 /* RollingPitTabBar.swift */; };
		08C1F26828FF95FD00590512 /* GMTabBarViewController.swift in Sources */ = {isa = PBXBuildFile; fileRef = 08C1F26728FF95FC00590512 /* GMTabBarViewController.swift */; };
		08C1F26A28FFBAD500590512 /* UIImage+Extension.swift in Sources */ = {isa = PBXBuildFile; fileRef = 08C1F26928FFBAD500590512 /* UIImage+Extension.swift */; };
		08C872A328F655CD00DC859D /* AppDelegate.swift in Sources */ = {isa = PBXBuildFile; fileRef = 08C872A228F655CD00DC859D /* AppDelegate.swift */; };
		08C872A528F655CD00DC859D /* SceneDelegate.swift in Sources */ = {isa = PBXBuildFile; fileRef = 08C872A428F655CD00DC859D /* SceneDelegate.swift */; };
		08C872AC28F655CF00DC859D /* Assets.xcassets in Resources */ = {isa = PBXBuildFile; fileRef = 08C872AB28F655CF00DC859D /* Assets.xcassets */; };
		08C872AF28F655CF00DC859D /* LaunchScreen.storyboard in Resources */ = {isa = PBXBuildFile; fileRef = 08C872AD28F655CF00DC859D /* LaunchScreen.storyboard */; };
		08C872C028F65D8D00DC859D /* readme.md in Resources */ = {isa = PBXBuildFile; fileRef = 08C872BE28F65D8C00DC859D /* readme.md */; };
		08C872C828F6671B00DC859D /* UIView+Extension.swift in Sources */ = {isa = PBXBuildFile; fileRef = 08C872C728F6671B00DC859D /* UIView+Extension.swift */; };
		08C872CA28F6681600DC859D /* UIViewController+Extension.swift in Sources */ = {isa = PBXBuildFile; fileRef = 08C872C928F6681600DC859D /* UIViewController+Extension.swift */; };
		08C872CD28F66C1700DC859D /* GMViewController.swift in Sources */ = {isa = PBXBuildFile; fileRef = 08C872CC28F66C1700DC859D /* GMViewController.swift */; };
		08C872CF28F66C5100DC859D /* Constant.swift in Sources */ = {isa = PBXBuildFile; fileRef = 08C872CE28F66C5100DC859D /* Constant.swift */; };
		08C872D928F67F8F00DC859D /* OnboardViewController.swift in Sources */ = {isa = PBXBuildFile; fileRef = 08C872D828F67F8F00DC859D /* OnboardViewController.swift */; };
		08C872DB28F680A100DC859D /* OnboardPage.swift in Sources */ = {isa = PBXBuildFile; fileRef = 08C872DA28F680A100DC859D /* OnboardPage.swift */; };
		08C872E028F6866000DC859D /* OnboardCell.swift in Sources */ = {isa = PBXBuildFile; fileRef = 08C872DF28F6866000DC859D /* OnboardCell.swift */; };
		08C872EA28F6C51200DC859D /* UserDefaultKey.swift in Sources */ = {isa = PBXBuildFile; fileRef = 08C872E928F6C51200DC859D /* UserDefaultKey.swift */; };
		08C872EE28F6C5F600DC859D /* SignInViewController.swift in Sources */ = {isa = PBXBuildFile; fileRef = 08C872ED28F6C5F600DC859D /* SignInViewController.swift */; };
		08C872F028F6CAAB00DC859D /* UIView+Constraint.swift in Sources */ = {isa = PBXBuildFile; fileRef = 08C872EF28F6CAAB00DC859D /* UIView+Constraint.swift */; };
		08C8730828F6D16C00DC859D /* proxima_nova.ttf in Resources */ = {isa = PBXBuildFile; fileRef = 08C8730628F6D16B00DC859D /* proxima_nova.ttf */; };
		08C8730928F6D16C00DC859D /* proxima_nova_bold.ttf in Resources */ = {isa = PBXBuildFile; fileRef = 08C8730728F6D16B00DC859D /* proxima_nova_bold.ttf */; };
		08C8731028F7B89D00DC859D /* GMButton.swift in Sources */ = {isa = PBXBuildFile; fileRef = 08C8730F28F7B89D00DC859D /* GMButton.swift */; };
		08C8731228F8021100DC859D /* GMTextField.swift in Sources */ = {isa = PBXBuildFile; fileRef = 08C8731128F8021100DC859D /* GMTextField.swift */; };
		08C8731428F80ACA00DC859D /* ButtonAuth.swift in Sources */ = {isa = PBXBuildFile; fileRef = 08C8731328F80ACA00DC859D /* ButtonAuth.swift */; };
		08C8731628F81E0D00DC859D /* GMLabelSpan.swift in Sources */ = {isa = PBXBuildFile; fileRef = 08C8731528F81E0D00DC859D /* GMLabelSpan.swift */; };
		08C8731928F865CA00DC859D /* SignUpViewController.swift in Sources */ = {isa = PBXBuildFile; fileRef = 08C8731828F865CA00DC859D /* SignUpViewController.swift */; };
		08CFDFDD29000CD200359B02 /* DataService.swift in Sources */ = {isa = PBXBuildFile; fileRef = 08CFDFDC29000CD200359B02 /* DataService.swift */; };
		08DB56E728F8FCFD00170C60 /* TextFieldSignUp.swift in Sources */ = {isa = PBXBuildFile; fileRef = 08DB56E628F8FCFD00170C60 /* TextFieldSignUp.swift */; };
		08DB56E928F9035800170C60 /* StackView+Extension.swift in Sources */ = {isa = PBXBuildFile; fileRef = 08DB56E828F9035800170C60 /* StackView+Extension.swift */; };
		08DB56EB28F9053700170C60 /* UIColor+Extension.swift in Sources */ = {isa = PBXBuildFile; fileRef = 08DB56EA28F9053700170C60 /* UIColor+Extension.swift */; };
		08DB56ED28F916D500170C60 /* SignUpDetailViewController.swift in Sources */ = {isa = PBXBuildFile; fileRef = 08DB56EC28F916D500170C60 /* SignUpDetailViewController.swift */; };
		08DB56F328F9256A00170C60 /* ProfileViewController.swift in Sources */ = {isa = PBXBuildFile; fileRef = 08DB56F228F9256A00170C60 /* ProfileViewController.swift */; };
		08DB56F528F9280700170C60 /* GMLabelAction.swift in Sources */ = {isa = PBXBuildFile; fileRef = 08DB56F428F9280700170C60 /* GMLabelAction.swift */; };
		08DB56F728F95C7B00170C60 /* GMCircleImage.swift in Sources */ = {isa = PBXBuildFile; fileRef = 08DB56F628F95C7B00170C60 /* GMCircleImage.swift */; };
		08DB56F928F9637200170C60 /* ProfileView.swift in Sources */ = {isa = PBXBuildFile; fileRef = 08DB56F828F9637200170C60 /* ProfileView.swift */; };
		08DEE9C62900FC4C00EA9A2A /* Date+Extension.swift in Sources */ = {isa = PBXBuildFile; fileRef = 08DEE9C52900FC4C00EA9A2A /* Date+Extension.swift */; };
		08DEE9C8290109CC00EA9A2A /* MonthlyExpenseView.swift in Sources */ = {isa = PBXBuildFile; fileRef = 08DEE9C7290109CC00EA9A2A /* MonthlyExpenseView.swift */; };
		08DEE9CB29013E3D00EA9A2A /* AddExpenseViewController.swift in Sources */ = {isa = PBXBuildFile; fileRef = 08DEE9CA29013E3D00EA9A2A /* AddExpenseViewController.swift */; };
/* End PBXBuildFile section */

/* Begin PBXFileReference section */
		081DC8972901A99C0005374F /* AddExpenseForm.swift */ = {isa = PBXFileReference; lastKnownFileType = sourcecode.swift; path = AddExpenseForm.swift; sourceTree = "<group>"; };
		081DC8992901AD5F0005374F /* AccessoryView.swift */ = {isa = PBXFileReference; fileEncoding = 4; lastKnownFileType = sourcecode.swift; path = AccessoryView.swift; sourceTree = "<group>"; };
		081DC89F29025C8F0005374F /* GMImageButton.swift */ = {isa = PBXFileReference; lastKnownFileType = sourcecode.swift; path = GMImageButton.swift; sourceTree = "<group>"; };
		081DC8A1290274990005374F /* CategoryPickerInputView.swift */ = {isa = PBXFileReference; lastKnownFileType = sourcecode.swift; path = CategoryPickerInputView.swift; sourceTree = "<group>"; };
		082BF94428FCF0D00094FE94 /* SignInPasswordVC.swift */ = {isa = PBXFileReference; lastKnownFileType = sourcecode.swift; path = SignInPasswordVC.swift; sourceTree = "<group>"; };
		082BF94728FD01400094FE94 /* AuthService.swift */ = {isa = PBXFileReference; lastKnownFileType = sourcecode.swift; path = AuthService.swift; sourceTree = "<group>"; };
		082BF94928FD022D0094FE94 /* GMLoadingView.swift */ = {isa = PBXFileReference; lastKnownFileType = sourcecode.swift; path = GMLoadingView.swift; sourceTree = "<group>"; };
		082BF96728FD1D510094FE94 /* Podfile */ = {isa = PBXFileReference; lastKnownFileType = text; path = Podfile; sourceTree = "<group>"; xcLanguageSpecificationIdentifier = xcode.lang.ruby; };
		082BF96928FD319E0094FE94 /* GoogleService-Info.plist */ = {isa = PBXFileReference; fileEncoding = 4; lastKnownFileType = text.plist.xml; name = "GoogleService-Info.plist"; path = "../GoogleService-Info.plist"; sourceTree = "<group>"; };
		082BF97628FD64A60094FE94 /* SignInViewModel.swift */ = {isa = PBXFileReference; lastKnownFileType = sourcecode.swift; path = SignInViewModel.swift; sourceTree = "<group>"; };
		082BF97C28FD68480094FE94 /* Notification+Name.swift */ = {isa = PBXFileReference; lastKnownFileType = sourcecode.swift; path = "Notification+Name.swift"; sourceTree = "<group>"; };
		083EA335290659660079605F /* TransactionTag.swift */ = {isa = PBXFileReference; lastKnownFileType = sourcecode.swift; path = TransactionTag.swift; sourceTree = "<group>"; };
		088D691B29015865003D0660 /* AddExpenseField.swift */ = {isa = PBXFileReference; lastKnownFileType = sourcecode.swift; path = AddExpenseField.swift; sourceTree = "<group>"; };
		088D691E29015FBC003D0660 /* DatePickerInputView.swift */ = {isa = PBXFileReference; fileEncoding = 4; lastKnownFileType = sourcecode.swift; path = DatePickerInputView.swift; sourceTree = "<group>"; };
		088D691F29015FBC003D0660 /* ExpenseTextField.swift */ = {isa = PBXFileReference; fileEncoding = 4; lastKnownFileType = sourcecode.swift; path = ExpenseTextField.swift; sourceTree = "<group>"; };
		08B48B7B290293AE00344650 /* UIBarButtonItem+Extension.swift */ = {isa = PBXFileReference; lastKnownFileType = sourcecode.swift; path = "UIBarButtonItem+Extension.swift"; sourceTree = "<group>"; };
		08C1F1C528FE662600590512 /* ChartView.swift */ = {isa = PBXFileReference; fileEncoding = 4; lastKnownFileType = sourcecode.swift; path = ChartView.swift; sourceTree = "<group>"; };
		08C1F1C728FE662600590512 /* HomeViewController.swift */ = {isa = PBXFileReference; fileEncoding = 4; lastKnownFileType = sourcecode.swift; path = HomeViewController.swift; sourceTree = "<group>"; };
		08C1F24228FE67CE00590512 /* HomeViewController.swift */ = {isa = PBXFileReference; fileEncoding = 4; lastKnownFileType = sourcecode.swift; path = HomeViewController.swift; sourceTree = "<group>"; };
		08C1F24428FE67CE00590512 /* ChartView.swift */ = {isa = PBXFileReference; fileEncoding = 4; lastKnownFileType = sourcecode.swift; path = ChartView.swift; sourceTree = "<group>"; };
		08C1F24528FE67CE00590512 /* RecentExpenseCell.swift */ = {isa = PBXFileReference; fileEncoding = 4; lastKnownFileType = sourcecode.swift; path = RecentExpenseCell.swift; sourceTree = "<group>"; };
		08C1F24A28FE68A000590512 /* ChartView.swift */ = {isa = PBXFileReference; fileEncoding = 4; lastKnownFileType = sourcecode.swift; path = ChartView.swift; sourceTree = "<group>"; };
		08C1F24B28FE68A000590512 /* RecentExpenseCell.swift */ = {isa = PBXFileReference; fileEncoding = 4; lastKnownFileType = sourcecode.swift; path = RecentExpenseCell.swift; sourceTree = "<group>"; };
		08C1F24C28FE68A000590512 /* HomeViewController.swift */ = {isa = PBXFileReference; fileEncoding = 4; lastKnownFileType = sourcecode.swift; path = HomeViewController.swift; sourceTree = "<group>"; };
		08C1F25028FE68BA00590512 /* GMMainViewController.swift */ = {isa = PBXFileReference; fileEncoding = 4; lastKnownFileType = sourcecode.swift; path = GMMainViewController.swift; sourceTree = "<group>"; };
		08C1F25428FE68EB00590512 /* MainNavigationController.swift */ = {isa = PBXFileReference; fileEncoding = 4; lastKnownFileType = sourcecode.swift; path = MainNavigationController.swift; sourceTree = "<group>"; };
		08C1F25828FE849300590512 /* GMExpenseIcon.swift */ = {isa = PBXFileReference; lastKnownFileType = sourcecode.swift; path = GMExpenseIcon.swift; sourceTree = "<group>"; };
		08C1F25A28FE8B2A00590512 /* Expense.swift */ = {isa = PBXFileReference; lastKnownFileType = sourcecode.swift; path = Expense.swift; sourceTree = "<group>"; };
		08C1F25C28FE93E900590512 /* DateFormatter+Extension.swift */ = {isa = PBXFileReference; lastKnownFileType = sourcecode.swift; path = "DateFormatter+Extension.swift"; sourceTree = "<group>"; };
		08C1F25F28FE947E00590512 /* HomeViewModel.swift */ = {isa = PBXFileReference; lastKnownFileType = sourcecode.swift; path = HomeViewModel.swift; sourceTree = "<group>"; };
		08C1F26128FEA16F00590512 /* RollingPitTabBar.swift */ = {isa = PBXFileReference; fileEncoding = 4; lastKnownFileType = sourcecode.swift; path = RollingPitTabBar.swift; sourceTree = "<group>"; };
		08C1F26428FEA1C200590512 /* GMTabBarViewController.swift */ = {isa = PBXFileReference; fileEncoding = 4; lastKnownFileType = sourcecode.swift; path = GMTabBarViewController.swift; sourceTree = "<group>"; };
		08C1F26728FF95FC00590512 /* GMTabBarViewController.swift */ = {isa = PBXFileReference; fileEncoding = 4; lastKnownFileType = sourcecode.swift; path = GMTabBarViewController.swift; sourceTree = "<group>"; };
		08C1F26928FFBAD500590512 /* UIImage+Extension.swift */ = {isa = PBXFileReference; lastKnownFileType = sourcecode.swift; path = "UIImage+Extension.swift"; sourceTree = "<group>"; };
		08C8729F28F655CD00DC859D /* GoMoney.app */ = {isa = PBXFileReference; explicitFileType = wrapper.application; includeInIndex = 0; path = GoMoney.app; sourceTree = BUILT_PRODUCTS_DIR; };
		08C872A228F655CD00DC859D /* AppDelegate.swift */ = {isa = PBXFileReference; lastKnownFileType = sourcecode.swift; path = AppDelegate.swift; sourceTree = "<group>"; };
		08C872A428F655CD00DC859D /* SceneDelegate.swift */ = {isa = PBXFileReference; lastKnownFileType = sourcecode.swift; path = SceneDelegate.swift; sourceTree = "<group>"; };
		08C872AB28F655CF00DC859D /* Assets.xcassets */ = {isa = PBXFileReference; lastKnownFileType = folder.assetcatalog; path = Assets.xcassets; sourceTree = "<group>"; };
		08C872AE28F655CF00DC859D /* Base */ = {isa = PBXFileReference; lastKnownFileType = file.storyboard; name = Base; path = Base.lproj/LaunchScreen.storyboard; sourceTree = "<group>"; };
		08C872B028F655CF00DC859D /* Info.plist */ = {isa = PBXFileReference; lastKnownFileType = text.plist.xml; path = Info.plist; sourceTree = "<group>"; };
		08C872BE28F65D8C00DC859D /* readme.md */ = {isa = PBXFileReference; fileEncoding = 4; lastKnownFileType = net.daringfireball.markdown; path = readme.md; sourceTree = "<group>"; };
		08C872C728F6671B00DC859D /* UIView+Extension.swift */ = {isa = PBXFileReference; lastKnownFileType = sourcecode.swift; path = "UIView+Extension.swift"; sourceTree = "<group>"; };
		08C872C928F6681600DC859D /* UIViewController+Extension.swift */ = {isa = PBXFileReference; lastKnownFileType = sourcecode.swift; path = "UIViewController+Extension.swift"; sourceTree = "<group>"; };
		08C872CC28F66C1700DC859D /* GMViewController.swift */ = {isa = PBXFileReference; lastKnownFileType = sourcecode.swift; path = GMViewController.swift; sourceTree = "<group>"; };
		08C872CE28F66C5100DC859D /* Constant.swift */ = {isa = PBXFileReference; lastKnownFileType = sourcecode.swift; path = Constant.swift; sourceTree = "<group>"; };
		08C872D828F67F8F00DC859D /* OnboardViewController.swift */ = {isa = PBXFileReference; lastKnownFileType = sourcecode.swift; path = OnboardViewController.swift; sourceTree = "<group>"; };
		08C872DA28F680A100DC859D /* OnboardPage.swift */ = {isa = PBXFileReference; lastKnownFileType = sourcecode.swift; path = OnboardPage.swift; sourceTree = "<group>"; };
		08C872DF28F6866000DC859D /* OnboardCell.swift */ = {isa = PBXFileReference; lastKnownFileType = sourcecode.swift; path = OnboardCell.swift; sourceTree = "<group>"; };
		08C872E928F6C51200DC859D /* UserDefaultKey.swift */ = {isa = PBXFileReference; lastKnownFileType = sourcecode.swift; path = UserDefaultKey.swift; sourceTree = "<group>"; };
		08C872ED28F6C5F600DC859D /* SignInViewController.swift */ = {isa = PBXFileReference; lastKnownFileType = sourcecode.swift; path = SignInViewController.swift; sourceTree = "<group>"; };
		08C872EF28F6CAAB00DC859D /* UIView+Constraint.swift */ = {isa = PBXFileReference; lastKnownFileType = sourcecode.swift; path = "UIView+Constraint.swift"; sourceTree = "<group>"; };
		08C8730628F6D16B00DC859D /* proxima_nova.ttf */ = {isa = PBXFileReference; lastKnownFileType = file; path = proxima_nova.ttf; sourceTree = "<group>"; };
		08C8730728F6D16B00DC859D /* proxima_nova_bold.ttf */ = {isa = PBXFileReference; lastKnownFileType = file; path = proxima_nova_bold.ttf; sourceTree = "<group>"; };
		08C8730D28F7B1FD00DC859D /* GMLabel.swift */ = {isa = PBXFileReference; lastKnownFileType = sourcecode.swift; path = GMLabel.swift; sourceTree = "<group>"; };
		08C8730F28F7B89D00DC859D /* GMButton.swift */ = {isa = PBXFileReference; lastKnownFileType = sourcecode.swift; path = GMButton.swift; sourceTree = "<group>"; };
		08C8731128F8021100DC859D /* GMTextField.swift */ = {isa = PBXFileReference; lastKnownFileType = sourcecode.swift; path = GMTextField.swift; sourceTree = "<group>"; };
		08C8731328F80ACA00DC859D /* ButtonAuth.swift */ = {isa = PBXFileReference; lastKnownFileType = sourcecode.swift; path = ButtonAuth.swift; sourceTree = "<group>"; };
		08C8731528F81E0D00DC859D /* GMLabelSpan.swift */ = {isa = PBXFileReference; lastKnownFileType = sourcecode.swift; path = GMLabelSpan.swift; sourceTree = "<group>"; };
		08C8731828F865CA00DC859D /* SignUpViewController.swift */ = {isa = PBXFileReference; lastKnownFileType = sourcecode.swift; path = SignUpViewController.swift; sourceTree = "<group>"; };
		08CFDFDC29000CD200359B02 /* DataService.swift */ = {isa = PBXFileReference; lastKnownFileType = sourcecode.swift; path = DataService.swift; sourceTree = "<group>"; };
		08DB56E628F8FCFD00170C60 /* TextFieldSignUp.swift */ = {isa = PBXFileReference; lastKnownFileType = sourcecode.swift; path = TextFieldSignUp.swift; sourceTree = "<group>"; };
		08DB56E828F9035800170C60 /* StackView+Extension.swift */ = {isa = PBXFileReference; lastKnownFileType = sourcecode.swift; path = "StackView+Extension.swift"; sourceTree = "<group>"; };
		08DB56EA28F9053700170C60 /* UIColor+Extension.swift */ = {isa = PBXFileReference; lastKnownFileType = sourcecode.swift; path = "UIColor+Extension.swift"; sourceTree = "<group>"; };
		08DB56EC28F916D500170C60 /* SignUpDetailViewController.swift */ = {isa = PBXFileReference; lastKnownFileType = sourcecode.swift; path = SignUpDetailViewController.swift; sourceTree = "<group>"; };
		08DB56F228F9256A00170C60 /* ProfileViewController.swift */ = {isa = PBXFileReference; lastKnownFileType = sourcecode.swift; path = ProfileViewController.swift; sourceTree = "<group>"; };
		08DB56F428F9280700170C60 /* GMLabelAction.swift */ = {isa = PBXFileReference; lastKnownFileType = sourcecode.swift; path = GMLabelAction.swift; sourceTree = "<group>"; };
		08DB56F628F95C7B00170C60 /* GMCircleImage.swift */ = {isa = PBXFileReference; lastKnownFileType = sourcecode.swift; path = GMCircleImage.swift; sourceTree = "<group>"; };
		08DB56F828F9637200170C60 /* ProfileView.swift */ = {isa = PBXFileReference; lastKnownFileType = sourcecode.swift; path = ProfileView.swift; sourceTree = "<group>"; };
		08DEE9C52900FC4C00EA9A2A /* Date+Extension.swift */ = {isa = PBXFileReference; lastKnownFileType = sourcecode.swift; path = "Date+Extension.swift"; sourceTree = "<group>"; };
		08DEE9C7290109CC00EA9A2A /* MonthlyExpenseView.swift */ = {isa = PBXFileReference; lastKnownFileType = sourcecode.swift; path = MonthlyExpenseView.swift; sourceTree = "<group>"; };
		08DEE9CA29013E3D00EA9A2A /* AddExpenseViewController.swift */ = {isa = PBXFileReference; lastKnownFileType = sourcecode.swift; path = AddExpenseViewController.swift; sourceTree = "<group>"; };
		1B112C91231231F4F5451123 /* Pods-GoMoney.release.xcconfig */ = {isa = PBXFileReference; includeInIndex = 1; lastKnownFileType = text.xcconfig; name = "Pods-GoMoney.release.xcconfig"; path = "Target Support Files/Pods-GoMoney/Pods-GoMoney.release.xcconfig"; sourceTree = "<group>"; };
		7E5F2838C4EFDE6C361D48A6 /* Pods-GoMoney.debug.xcconfig */ = {isa = PBXFileReference; includeInIndex = 1; lastKnownFileType = text.xcconfig; name = "Pods-GoMoney.debug.xcconfig"; path = "Target Support Files/Pods-GoMoney/Pods-GoMoney.debug.xcconfig"; sourceTree = "<group>"; };
		91E2DECB5E188E1306C43188 /* Pods_GoMoney.framework */ = {isa = PBXFileReference; explicitFileType = wrapper.framework; includeInIndex = 0; path = Pods_GoMoney.framework; sourceTree = BUILT_PRODUCTS_DIR; };
/* End PBXFileReference section */

/* Begin PBXFrameworksBuildPhase section */
		08C8729C28F655CD00DC859D /* Frameworks */ = {
			isa = PBXFrameworksBuildPhase;
			buildActionMask = 2147483647;
			files = (
				01F387D48924C03C5CC98BA4 /* Pods_GoMoney.framework in Frameworks */,
			);
			runOnlyForDeploymentPostprocessing = 0;
		};
/* End PBXFrameworksBuildPhase section */

/* Begin PBXGroup section */
		082BF94628FD012B0094FE94 /* Service */ = {
			isa = PBXGroup;
			children = (
				082BF94728FD01400094FE94 /* AuthService.swift */,
				08CFDFDC29000CD200359B02 /* DataService.swift */,
			);
			path = Service;
			sourceTree = "<group>";
		};
		082BF97828FD65910094FE94 /* ViewModel */ = {
			isa = PBXGroup;
			children = (
				08C1F25E28FE946F00590512 /* Home */,
				082BF97928FD65CD0094FE94 /* Auth */,
			);
			path = ViewModel;
			sourceTree = "<group>";
		};
		082BF97928FD65CD0094FE94 /* Auth */ = {
			isa = PBXGroup;
			children = (
				082BF97628FD64A60094FE94 /* SignInViewModel.swift */,
			);
			path = Auth;
			sourceTree = "<group>";
		};
		088D691D29015F1D003D0660 /* InputView */ = {
			isa = PBXGroup;
			children = (
				088D691E29015FBC003D0660 /* DatePickerInputView.swift */,
				081DC8992901AD5F0005374F /* AccessoryView.swift */,
				088D691F29015FBC003D0660 /* ExpenseTextField.swift */,
				081DC8A1290274990005374F /* CategoryPickerInputView.swift */,
			);
			path = InputView;
			sourceTree = "<group>";
		};
		08C1F1CD28FE675E00590512 /* Recovered References */ = {
			isa = PBXGroup;
			children = (
				08C1F1C728FE662600590512 /* HomeViewController.swift */,
				08C1F1C528FE662600590512 /* ChartView.swift */,
				08C1F24428FE67CE00590512 /* ChartView.swift */,
				08C1F24228FE67CE00590512 /* HomeViewController.swift */,
				08C1F24528FE67CE00590512 /* RecentExpenseCell.swift */,
				08C1F26428FEA1C200590512 /* GMTabBarViewController.swift */,
			);
			name = "Recovered References";
			sourceTree = "<group>";
		};
		08C1F24928FE68A000590512 /* View */ = {
			isa = PBXGroup;
			children = (
				08C1F24A28FE68A000590512 /* ChartView.swift */,
				08C1F24B28FE68A000590512 /* RecentExpenseCell.swift */,
				08DEE9C7290109CC00EA9A2A /* MonthlyExpenseView.swift */,
			);
			path = View;
			sourceTree = "<group>";
		};
		08C1F25228FE68EB00590512 /* Navigation */ = {
			isa = PBXGroup;
			children = (
				08C1F26728FF95FC00590512 /* GMTabBarViewController.swift */,
				08C1F25428FE68EB00590512 /* MainNavigationController.swift */,
			);
			path = Navigation;
			sourceTree = "<group>";
		};
		08C1F25E28FE946F00590512 /* Home */ = {
			isa = PBXGroup;
			children = (
				08C1F25F28FE947E00590512 /* HomeViewModel.swift */,
			);
			path = Home;
			sourceTree = "<group>";
		};
		08C1F26628FEA3EB00590512 /* TabBar */ = {
			isa = PBXGroup;
			children = (
				08C1F26128FEA16F00590512 /* RollingPitTabBar.swift */,
			);
			path = TabBar;
			sourceTree = "<group>";
		};
		08C8729628F655CD00DC859D = {
			isa = PBXGroup;
			children = (
				082BF96728FD1D510094FE94 /* Podfile */,
				08C872BE28F65D8C00DC859D /* readme.md */,
				08C872A128F655CD00DC859D /* GoMoney */,
				08C872A028F655CD00DC859D /* Products */,
				76C3914AA504B816E0620E72 /* Pods */,
				2A40CADA7D1F29A21E4B01AF /* Frameworks */,
				08C1F1CD28FE675E00590512 /* Recovered References */,
			);
			sourceTree = "<group>";
		};
		08C872A028F655CD00DC859D /* Products */ = {
			isa = PBXGroup;
			children = (
				08C8729F28F655CD00DC859D /* GoMoney.app */,
			);
			name = Products;
			sourceTree = "<group>";
		};
		08C872A128F655CD00DC859D /* GoMoney */ = {
			isa = PBXGroup;
			children = (
				08C1F25228FE68EB00590512 /* Navigation */,
				082BF97828FD65910094FE94 /* ViewModel */,
				082BF94628FD012B0094FE94 /* Service */,
				08C8730B28F7B1BD00DC859D /* Common */,
				08C872CB28F66C0300DC859D /* Base */,
				08C872C628F6670900DC859D /* Extensions */,
				08C872C528F666FD00DC859D /* Constants */,
				08C872BC28F65CB700DC859D /* Models */,
				08C872B828F658A300DC859D /* Scences */,
				08C872B728F6586D00DC859D /* AppDelegate */,
				08C872B628F6586500DC859D /* Resources */,
				08C872AD28F655CF00DC859D /* LaunchScreen.storyboard */,
				082BF96928FD319E0094FE94 /* GoogleService-Info.plist */,
				08C872B028F655CF00DC859D /* Info.plist */,
			);
			path = GoMoney;
			sourceTree = "<group>";
		};
		08C872B628F6586500DC859D /* Resources */ = {
			isa = PBXGroup;
			children = (
				08C872E128F687A000DC859D /* Animations */,
				08C872D028F66F9800DC859D /* Fonts */,
				08C872AB28F655CF00DC859D /* Assets.xcassets */,
			);
			path = Resources;
			sourceTree = "<group>";
		};
		08C872B728F6586D00DC859D /* AppDelegate */ = {
			isa = PBXGroup;
			children = (
				08C872A228F655CD00DC859D /* AppDelegate.swift */,
				08C872A428F655CD00DC859D /* SceneDelegate.swift */,
			);
			path = AppDelegate;
			sourceTree = "<group>";
		};
		08C872B828F658A300DC859D /* Scences */ = {
			isa = PBXGroup;
			children = (
				08DEE9C929013E2A00EA9A2A /* AddExpense */,
				08DB56F128F9255500170C60 /* Profile */,
				08C872D728F67F7C00DC859D /* Onboard */,
				08C872BB28F658D800DC859D /* Auth */,
				08C872B928F658C600DC859D /* Home */,
			);
			path = Scences;
			sourceTree = "<group>";
		};
		08C872B928F658C600DC859D /* Home */ = {
			isa = PBXGroup;
			children = (
				08C1F24C28FE68A000590512 /* HomeViewController.swift */,
				08C1F24928FE68A000590512 /* View */,
			);
			path = Home;
			sourceTree = "<group>";
		};
		08C872BB28F658D800DC859D /* Auth */ = {
			isa = PBXGroup;
			children = (
				08DB56E528F8FC7D00170C60 /* View */,
				08C8731728F865B200DC859D /* SignUp */,
				08C872EC28F6C5DE00DC859D /* SignIn */,
			);
			path = Auth;
			sourceTree = "<group>";
		};
		08C872BC28F65CB700DC859D /* Models */ = {
			isa = PBXGroup;
			children = (
				08C872DA28F680A100DC859D /* OnboardPage.swift */,
				08C1F25A28FE8B2A00590512 /* Expense.swift */,
				083EA335290659660079605F /* TransactionTag.swift */,
			);
			path = Models;
			sourceTree = "<group>";
		};
		08C872C528F666FD00DC859D /* Constants */ = {
			isa = PBXGroup;
			children = (
				08C872CE28F66C5100DC859D /* Constant.swift */,
				08C872E928F6C51200DC859D /* UserDefaultKey.swift */,
			);
			path = Constants;
			sourceTree = "<group>";
		};
		08C872C628F6670900DC859D /* Extensions */ = {
			isa = PBXGroup;
			children = (
				08C872C728F6671B00DC859D /* UIView+Extension.swift */,
				08C872C928F6681600DC859D /* UIViewController+Extension.swift */,
				08C872EF28F6CAAB00DC859D /* UIView+Constraint.swift */,
				08DB56E828F9035800170C60 /* StackView+Extension.swift */,
				08DB56EA28F9053700170C60 /* UIColor+Extension.swift */,
				082BF97C28FD68480094FE94 /* Notification+Name.swift */,
				08C1F25C28FE93E900590512 /* DateFormatter+Extension.swift */,
				08C1F26928FFBAD500590512 /* UIImage+Extension.swift */,
				08DEE9C52900FC4C00EA9A2A /* Date+Extension.swift */,
				08B48B7B290293AE00344650 /* UIBarButtonItem+Extension.swift */,
			);
			path = Extensions;
			sourceTree = "<group>";
		};
		08C872CB28F66C0300DC859D /* Base */ = {
			isa = PBXGroup;
			children = (
				08C1F25028FE68BA00590512 /* GMMainViewController.swift */,
				08C872CC28F66C1700DC859D /* GMViewController.swift */,
			);
			path = Base;
			sourceTree = "<group>";
		};
		08C872D028F66F9800DC859D /* Fonts */ = {
			isa = PBXGroup;
			children = (
				08C8730728F6D16B00DC859D /* proxima_nova_bold.ttf */,
				08C8730628F6D16B00DC859D /* proxima_nova.ttf */,
			);
			path = Fonts;
			sourceTree = "<group>";
		};
		08C872D728F67F7C00DC859D /* Onboard */ = {
			isa = PBXGroup;
			children = (
				08C872D828F67F8F00DC859D /* OnboardViewController.swift */,
				08C872DF28F6866000DC859D /* OnboardCell.swift */,
			);
			path = Onboard;
			sourceTree = "<group>";
		};
		08C872E128F687A000DC859D /* Animations */ = {
			isa = PBXGroup;
			children = (
			);
			path = Animations;
			sourceTree = "<group>";
		};
		08C872EC28F6C5DE00DC859D /* SignIn */ = {
			isa = PBXGroup;
			children = (
				08C872ED28F6C5F600DC859D /* SignInViewController.swift */,
				082BF94428FCF0D00094FE94 /* SignInPasswordVC.swift */,
			);
			path = SignIn;
			sourceTree = "<group>";
		};
		08C8730B28F7B1BD00DC859D /* Common */ = {
			isa = PBXGroup;
			children = (
				088D691D29015F1D003D0660 /* InputView */,
				08C1F26628FEA3EB00590512 /* TabBar */,
				08C8730C28F7B1D200DC859D /* View */,
			);
			path = Common;
			sourceTree = "<group>";
		};
		08C8730C28F7B1D200DC859D /* View */ = {
			isa = PBXGroup;
			children = (
				08C8730D28F7B1FD00DC859D /* GMLabel.swift */,
				08C8731528F81E0D00DC859D /* GMLabelSpan.swift */,
				08C8730F28F7B89D00DC859D /* GMButton.swift */,
				08DB56F428F9280700170C60 /* GMLabelAction.swift */,
				08C8731128F8021100DC859D /* GMTextField.swift */,
				08DB56F628F95C7B00170C60 /* GMCircleImage.swift */,
				082BF94928FD022D0094FE94 /* GMLoadingView.swift */,
				08C1F25828FE849300590512 /* GMExpenseIcon.swift */,
				081DC89F29025C8F0005374F /* GMImageButton.swift */,
			);
			path = View;
			sourceTree = "<group>";
		};
		08C8731728F865B200DC859D /* SignUp */ = {
			isa = PBXGroup;
			children = (
				08C8731828F865CA00DC859D /* SignUpViewController.swift */,
				08DB56EC28F916D500170C60 /* SignUpDetailViewController.swift */,
			);
			path = SignUp;
			sourceTree = "<group>";
		};
		08DB56E528F8FC7D00170C60 /* View */ = {
			isa = PBXGroup;
			children = (
				08C8731328F80ACA00DC859D /* ButtonAuth.swift */,
				08DB56E628F8FCFD00170C60 /* TextFieldSignUp.swift */,
			);
			path = View;
			sourceTree = "<group>";
		};
		08DB56F128F9255500170C60 /* Profile */ = {
			isa = PBXGroup;
			children = (
				08DB56F228F9256A00170C60 /* ProfileViewController.swift */,
				08DB56F828F9637200170C60 /* ProfileView.swift */,
			);
			path = Profile;
			sourceTree = "<group>";
		};
		08DEE9C929013E2A00EA9A2A /* AddExpense */ = {
			isa = PBXGroup;
			children = (
				08DEE9CA29013E3D00EA9A2A /* AddExpenseViewController.swift */,
				088D691B29015865003D0660 /* AddExpenseField.swift */,
				081DC8972901A99C0005374F /* AddExpenseForm.swift */,
			);
			path = AddExpense;
			sourceTree = "<group>";
		};
		2A40CADA7D1F29A21E4B01AF /* Frameworks */ = {
			isa = PBXGroup;
			children = (
				91E2DECB5E188E1306C43188 /* Pods_GoMoney.framework */,
			);
			name = Frameworks;
			sourceTree = "<group>";
		};
		76C3914AA504B816E0620E72 /* Pods */ = {
			isa = PBXGroup;
			children = (
				7E5F2838C4EFDE6C361D48A6 /* Pods-GoMoney.debug.xcconfig */,
				1B112C91231231F4F5451123 /* Pods-GoMoney.release.xcconfig */,
			);
			path = Pods;
			sourceTree = "<group>";
		};
/* End PBXGroup section */

/* Begin PBXNativeTarget section */
		08C8729E28F655CD00DC859D /* GoMoney */ = {
			isa = PBXNativeTarget;
			buildConfigurationList = 08C872B328F655CF00DC859D /* Build configuration list for PBXNativeTarget "GoMoney" */;
			buildPhases = (
				22B14FCBC11465D34246F724 /* [CP] Check Pods Manifest.lock */,
				08C8729B28F655CD00DC859D /* Sources */,
				08C8729C28F655CD00DC859D /* Frameworks */,
				08C8729D28F655CD00DC859D /* Resources */,
				8291F096518328B4CB2334CA /* [CP] Embed Pods Frameworks */,
			);
			buildRules = (
			);
			dependencies = (
			);
			name = GoMoney;
			productName = GoMoney;
			productReference = 08C8729F28F655CD00DC859D /* GoMoney.app */;
			productType = "com.apple.product-type.application";
		};
/* End PBXNativeTarget section */

/* Begin PBXProject section */
		08C8729728F655CD00DC859D /* Project object */ = {
			isa = PBXProject;
			attributes = {
				BuildIndependentTargetsInParallel = 1;
				LastSwiftUpdateCheck = 1400;
				LastUpgradeCheck = 1400;
				TargetAttributes = {
					08C8729E28F655CD00DC859D = {
						CreatedOnToolsVersion = 14.0;
					};
				};
			};
			buildConfigurationList = 08C8729A28F655CD00DC859D /* Build configuration list for PBXProject "GoMoney" */;
			compatibilityVersion = "Xcode 14.0";
			developmentRegion = en;
			hasScannedForEncodings = 0;
			knownRegions = (
				en,
				Base,
			);
			mainGroup = 08C8729628F655CD00DC859D;
			productRefGroup = 08C872A028F655CD00DC859D /* Products */;
			projectDirPath = "";
			projectRoot = "";
			targets = (
				08C8729E28F655CD00DC859D /* GoMoney */,
			);
		};
/* End PBXProject section */

/* Begin PBXResourcesBuildPhase section */
		08C8729D28F655CD00DC859D /* Resources */ = {
			isa = PBXResourcesBuildPhase;
			buildActionMask = 2147483647;
			files = (
				08C872AF28F655CF00DC859D /* LaunchScreen.storyboard in Resources */,
				08C872C028F65D8D00DC859D /* readme.md in Resources */,
				08C8730928F6D16C00DC859D /* proxima_nova_bold.ttf in Resources */,
				08C8730828F6D16C00DC859D /* proxima_nova.ttf in Resources */,
				08C872AC28F655CF00DC859D /* Assets.xcassets in Resources */,
				082BF96A28FD319F0094FE94 /* GoogleService-Info.plist in Resources */,
			);
			runOnlyForDeploymentPostprocessing = 0;
		};
/* End PBXResourcesBuildPhase section */

/* Begin PBXShellScriptBuildPhase section */
		22B14FCBC11465D34246F724 /* [CP] Check Pods Manifest.lock */ = {
			isa = PBXShellScriptBuildPhase;
			buildActionMask = 2147483647;
			files = (
			);
			inputFileListPaths = (
			);
			inputPaths = (
				"${PODS_PODFILE_DIR_PATH}/Podfile.lock",
				"${PODS_ROOT}/Manifest.lock",
			);
			name = "[CP] Check Pods Manifest.lock";
			outputFileListPaths = (
			);
			outputPaths = (
				"$(DERIVED_FILE_DIR)/Pods-GoMoney-checkManifestLockResult.txt",
			);
			runOnlyForDeploymentPostprocessing = 0;
			shellPath = /bin/sh;
			shellScript = "diff \"${PODS_PODFILE_DIR_PATH}/Podfile.lock\" \"${PODS_ROOT}/Manifest.lock\" > /dev/null\nif [ $? != 0 ] ; then\n    # print error to STDERR\n    echo \"error: The sandbox is not in sync with the Podfile.lock. Run 'pod install' or update your CocoaPods installation.\" >&2\n    exit 1\nfi\n# This output is used by Xcode 'outputs' to avoid re-running this script phase.\necho \"SUCCESS\" > \"${SCRIPT_OUTPUT_FILE_0}\"\n";
			showEnvVarsInLog = 0;
		};
		8291F096518328B4CB2334CA /* [CP] Embed Pods Frameworks */ = {
			isa = PBXShellScriptBuildPhase;
			buildActionMask = 2147483647;
			files = (
			);
			inputFileListPaths = (
				"${PODS_ROOT}/Target Support Files/Pods-GoMoney/Pods-GoMoney-frameworks-${CONFIGURATION}-input-files.xcfilelist",
			);
			name = "[CP] Embed Pods Frameworks";
			outputFileListPaths = (
				"${PODS_ROOT}/Target Support Files/Pods-GoMoney/Pods-GoMoney-frameworks-${CONFIGURATION}-output-files.xcfilelist",
			);
			runOnlyForDeploymentPostprocessing = 0;
			shellPath = /bin/sh;
			shellScript = "\"${PODS_ROOT}/Target Support Files/Pods-GoMoney/Pods-GoMoney-frameworks.sh\"\n";
			showEnvVarsInLog = 0;
		};
/* End PBXShellScriptBuildPhase section */

/* Begin PBXSourcesBuildPhase section */
		08C8729B28F655CD00DC859D /* Sources */ = {
			isa = PBXSourcesBuildPhase;
			buildActionMask = 2147483647;
			files = (
				08C1F25728FE702A00590512 /* GMLabel.swift in Sources */,
				08C872DB28F680A100DC859D /* OnboardPage.swift in Sources */,
				08DB56F928F9637200170C60 /* ProfileView.swift in Sources */,
				08C872CF28F66C5100DC859D /* Constant.swift in Sources */,
				088D692129015FBC003D0660 /* ExpenseTextField.swift in Sources */,
				08C872E028F6866000DC859D /* OnboardCell.swift in Sources */,
				082BF97728FD64A60094FE94 /* SignInViewModel.swift in Sources */,
				08DB56EB28F9053700170C60 /* UIColor+Extension.swift in Sources */,
				082BF96828FD1D510094FE94 /* Podfile in Sources */,
				088D691C29015865003D0660 /* AddExpenseField.swift in Sources */,
				081DC89A2901AD5F0005374F /* AccessoryView.swift in Sources */,
				08C1F26228FEA16F00590512 /* RollingPitTabBar.swift in Sources */,
				08CFDFDD29000CD200359B02 /* DataService.swift in Sources */,
				08C8731028F7B89D00DC859D /* GMButton.swift in Sources */,
				08C872CD28F66C1700DC859D /* GMViewController.swift in Sources */,
				08C872D928F67F8F00DC859D /* OnboardViewController.swift in Sources */,
				08DB56F728F95C7B00170C60 /* GMCircleImage.swift in Sources */,
				08DB56F328F9256A00170C60 /* ProfileViewController.swift in Sources */,
				08DB56F528F9280700170C60 /* GMLabelAction.swift in Sources */,
				082BF94828FD01400094FE94 /* AuthService.swift in Sources */,
				081DC8982901A99C0005374F /* AddExpenseForm.swift in Sources */,
				08C1F25628FE68EB00590512 /* MainNavigationController.swift in Sources */,
				08C1F24D28FE68A100590512 /* ChartView.swift in Sources */,
				08B48B7C290293AE00344650 /* UIBarButtonItem+Extension.swift in Sources */,
				08C8731928F865CA00DC859D /* SignUpViewController.swift in Sources */,
				082BF97D28FD68480094FE94 /* Notification+Name.swift in Sources */,
				083EA336290659660079605F /* TransactionTag.swift in Sources */,
				08C872F028F6CAAB00DC859D /* UIView+Constraint.swift in Sources */,
				08C872A328F655CD00DC859D /* AppDelegate.swift in Sources */,
				08DEE9CB29013E3D00EA9A2A /* AddExpenseViewController.swift in Sources */,
				08C8731228F8021100DC859D /* GMTextField.swift in Sources */,
				08C8731628F81E0D00DC859D /* GMLabelSpan.swift in Sources */,
				08C1F25B28FE8B2A00590512 /* Expense.swift in Sources */,
				081DC8A029025C8F0005374F /* GMImageButton.swift in Sources */,
				08C1F26828FF95FD00590512 /* GMTabBarViewController.swift in Sources */,
				082BF94528FCF0D00094FE94 /* SignInPasswordVC.swift in Sources */,
				08C1F25128FE68BA00590512 /* GMMainViewController.swift in Sources */,
				08DEE9C62900FC4C00EA9A2A /* Date+Extension.swift in Sources */,
				08C8731428F80ACA00DC859D /* ButtonAuth.swift in Sources */,
				08DEE9C8290109CC00EA9A2A /* MonthlyExpenseView.swift in Sources */,
				08C872C828F6671B00DC859D /* UIView+Extension.swift in Sources */,
				08C1F25D28FE93E900590512 /* DateFormatter+Extension.swift in Sources */,
				08C1F26A28FFBAD500590512 /* UIImage+Extension.swift in Sources */,
				08DB56E728F8FCFD00170C60 /* TextFieldSignUp.swift in Sources */,
				082BF94A28FD022D0094FE94 /* GMLoadingView.swift in Sources */,
				08C1F25928FE849300590512 /* GMExpenseIcon.swift in Sources */,
				08C872EE28F6C5F600DC859D /* SignInViewController.swift in Sources */,
				088D692029015FBC003D0660 /* DatePickerInputView.swift in Sources */,
				08DB56E928F9035800170C60 /* StackView+Extension.swift in Sources */,
				08C1F24E28FE68A100590512 /* RecentExpenseCell.swift in Sources */,
				08C1F24F28FE68A100590512 /* HomeViewController.swift in Sources */,
				08C1F26028FE947E00590512 /* HomeViewModel.swift in Sources */,
				08DB56ED28F916D500170C60 /* SignUpDetailViewController.swift in Sources */,
				08C872CA28F6681600DC859D /* UIViewController+Extension.swift in Sources */,
				08C872EA28F6C51200DC859D /* UserDefaultKey.swift in Sources */,
				08C872A528F655CD00DC859D /* SceneDelegate.swift in Sources */,
				081DC8A2290274990005374F /* CategoryPickerInputView.swift in Sources */,
			);
			runOnlyForDeploymentPostprocessing = 0;
		};
/* End PBXSourcesBuildPhase section */

/* Begin PBXVariantGroup section */
		08C872AD28F655CF00DC859D /* LaunchScreen.storyboard */ = {
			isa = PBXVariantGroup;
			children = (
				08C872AE28F655CF00DC859D /* Base */,
			);
			name = LaunchScreen.storyboard;
			sourceTree = "<group>";
		};
/* End PBXVariantGroup section */

/* Begin XCBuildConfiguration section */
		08C872B128F655CF00DC859D /* Debug */ = {
			isa = XCBuildConfiguration;
			buildSettings = {
				ALWAYS_SEARCH_USER_PATHS = NO;
				CLANG_ANALYZER_NONNULL = YES;
				CLANG_ANALYZER_NUMBER_OBJECT_CONVERSION = YES_AGGRESSIVE;
				CLANG_CXX_LANGUAGE_STANDARD = "gnu++20";
				CLANG_ENABLE_MODULES = YES;
				CLANG_ENABLE_OBJC_ARC = YES;
				CLANG_ENABLE_OBJC_WEAK = YES;
				CLANG_WARN_BLOCK_CAPTURE_AUTORELEASING = YES;
				CLANG_WARN_BOOL_CONVERSION = YES;
				CLANG_WARN_COMMA = YES;
				CLANG_WARN_CONSTANT_CONVERSION = YES;
				CLANG_WARN_DEPRECATED_OBJC_IMPLEMENTATIONS = YES;
				CLANG_WARN_DIRECT_OBJC_ISA_USAGE = YES_ERROR;
				CLANG_WARN_DOCUMENTATION_COMMENTS = YES;
				CLANG_WARN_EMPTY_BODY = YES;
				CLANG_WARN_ENUM_CONVERSION = YES;
				CLANG_WARN_INFINITE_RECURSION = YES;
				CLANG_WARN_INT_CONVERSION = YES;
				CLANG_WARN_NON_LITERAL_NULL_CONVERSION = YES;
				CLANG_WARN_OBJC_IMPLICIT_RETAIN_SELF = YES;
				CLANG_WARN_OBJC_LITERAL_CONVERSION = YES;
				CLANG_WARN_OBJC_ROOT_CLASS = YES_ERROR;
				CLANG_WARN_QUOTED_INCLUDE_IN_FRAMEWORK_HEADER = YES;
				CLANG_WARN_RANGE_LOOP_ANALYSIS = YES;
				CLANG_WARN_STRICT_PROTOTYPES = YES;
				CLANG_WARN_SUSPICIOUS_MOVE = YES;
				CLANG_WARN_UNGUARDED_AVAILABILITY = YES_AGGRESSIVE;
				CLANG_WARN_UNREACHABLE_CODE = YES;
				CLANG_WARN__DUPLICATE_METHOD_MATCH = YES;
				COPY_PHASE_STRIP = NO;
				DEBUG_INFORMATION_FORMAT = dwarf;
				ENABLE_STRICT_OBJC_MSGSEND = YES;
				ENABLE_TESTABILITY = YES;
				GCC_C_LANGUAGE_STANDARD = gnu11;
				GCC_DYNAMIC_NO_PIC = NO;
				GCC_NO_COMMON_BLOCKS = YES;
				GCC_OPTIMIZATION_LEVEL = 0;
				GCC_PREPROCESSOR_DEFINITIONS = (
					"DEBUG=1",
					"$(inherited)",
				);
				GCC_WARN_64_TO_32_BIT_CONVERSION = YES;
				GCC_WARN_ABOUT_RETURN_TYPE = YES_ERROR;
				GCC_WARN_UNDECLARED_SELECTOR = YES;
				GCC_WARN_UNINITIALIZED_AUTOS = YES_AGGRESSIVE;
				GCC_WARN_UNUSED_FUNCTION = YES;
				GCC_WARN_UNUSED_VARIABLE = YES;
				IPHONEOS_DEPLOYMENT_TARGET = 16.0;
				MTL_ENABLE_DEBUG_INFO = INCLUDE_SOURCE;
				MTL_FAST_MATH = YES;
				ONLY_ACTIVE_ARCH = YES;
				SDKROOT = iphoneos;
				SWIFT_ACTIVE_COMPILATION_CONDITIONS = DEBUG;
				SWIFT_OPTIMIZATION_LEVEL = "-Onone";
			};
			name = Debug;
		};
		08C872B228F655CF00DC859D /* Release */ = {
			isa = XCBuildConfiguration;
			buildSettings = {
				ALWAYS_SEARCH_USER_PATHS = NO;
				CLANG_ANALYZER_NONNULL = YES;
				CLANG_ANALYZER_NUMBER_OBJECT_CONVERSION = YES_AGGRESSIVE;
				CLANG_CXX_LANGUAGE_STANDARD = "gnu++20";
				CLANG_ENABLE_MODULES = YES;
				CLANG_ENABLE_OBJC_ARC = YES;
				CLANG_ENABLE_OBJC_WEAK = YES;
				CLANG_WARN_BLOCK_CAPTURE_AUTORELEASING = YES;
				CLANG_WARN_BOOL_CONVERSION = YES;
				CLANG_WARN_COMMA = YES;
				CLANG_WARN_CONSTANT_CONVERSION = YES;
				CLANG_WARN_DEPRECATED_OBJC_IMPLEMENTATIONS = YES;
				CLANG_WARN_DIRECT_OBJC_ISA_USAGE = YES_ERROR;
				CLANG_WARN_DOCUMENTATION_COMMENTS = YES;
				CLANG_WARN_EMPTY_BODY = YES;
				CLANG_WARN_ENUM_CONVERSION = YES;
				CLANG_WARN_INFINITE_RECURSION = YES;
				CLANG_WARN_INT_CONVERSION = YES;
				CLANG_WARN_NON_LITERAL_NULL_CONVERSION = YES;
				CLANG_WARN_OBJC_IMPLICIT_RETAIN_SELF = YES;
				CLANG_WARN_OBJC_LITERAL_CONVERSION = YES;
				CLANG_WARN_OBJC_ROOT_CLASS = YES_ERROR;
				CLANG_WARN_QUOTED_INCLUDE_IN_FRAMEWORK_HEADER = YES;
				CLANG_WARN_RANGE_LOOP_ANALYSIS = YES;
				CLANG_WARN_STRICT_PROTOTYPES = YES;
				CLANG_WARN_SUSPICIOUS_MOVE = YES;
				CLANG_WARN_UNGUARDED_AVAILABILITY = YES_AGGRESSIVE;
				CLANG_WARN_UNREACHABLE_CODE = YES;
				CLANG_WARN__DUPLICATE_METHOD_MATCH = YES;
				COPY_PHASE_STRIP = NO;
				DEBUG_INFORMATION_FORMAT = "dwarf-with-dsym";
				ENABLE_NS_ASSERTIONS = NO;
				ENABLE_STRICT_OBJC_MSGSEND = YES;
				GCC_C_LANGUAGE_STANDARD = gnu11;
				GCC_NO_COMMON_BLOCKS = YES;
				GCC_WARN_64_TO_32_BIT_CONVERSION = YES;
				GCC_WARN_ABOUT_RETURN_TYPE = YES_ERROR;
				GCC_WARN_UNDECLARED_SELECTOR = YES;
				GCC_WARN_UNINITIALIZED_AUTOS = YES_AGGRESSIVE;
				GCC_WARN_UNUSED_FUNCTION = YES;
				GCC_WARN_UNUSED_VARIABLE = YES;
				IPHONEOS_DEPLOYMENT_TARGET = 16.0;
				MTL_ENABLE_DEBUG_INFO = NO;
				MTL_FAST_MATH = YES;
				SDKROOT = iphoneos;
				SWIFT_COMPILATION_MODE = wholemodule;
				SWIFT_OPTIMIZATION_LEVEL = "-O";
				VALIDATE_PRODUCT = YES;
			};
			name = Release;
		};
		08C872B428F655CF00DC859D /* Debug */ = {
			isa = XCBuildConfiguration;
			baseConfigurationReference = 7E5F2838C4EFDE6C361D48A6 /* Pods-GoMoney.debug.xcconfig */;
			buildSettings = {
				ASSETCATALOG_COMPILER_APPICON_NAME = AppIcon;
				ASSETCATALOG_COMPILER_GLOBAL_ACCENT_COLOR_NAME = AccentColor;
				CODE_SIGN_STYLE = Automatic;
				CURRENT_PROJECT_VERSION = 1;
				GENERATE_INFOPLIST_FILE = YES;
				INFOPLIST_FILE = GoMoney/Info.plist;
				INFOPLIST_KEY_UIApplicationSupportsIndirectInputEvents = YES;
				INFOPLIST_KEY_UILaunchStoryboardName = LaunchScreen;
				INFOPLIST_KEY_UISupportedInterfaceOrientations_iPad = "UIInterfaceOrientationPortrait UIInterfaceOrientationPortraitUpsideDown UIInterfaceOrientationLandscapeLeft UIInterfaceOrientationLandscapeRight";
				INFOPLIST_KEY_UISupportedInterfaceOrientations_iPhone = "UIInterfaceOrientationPortrait UIInterfaceOrientationLandscapeLeft UIInterfaceOrientationLandscapeRight";
				LD_RUNPATH_SEARCH_PATHS = (
					"$(inherited)",
					"@executable_path/Frameworks",
				);
				MARKETING_VERSION = 1.0;
				PRODUCT_BUNDLE_IDENTIFIER = com.ln.GoMoney;
				PRODUCT_NAME = "$(TARGET_NAME)";
				SWIFT_EMIT_LOC_STRINGS = YES;
				SWIFT_VERSION = 5.0;
				TARGETED_DEVICE_FAMILY = "1,2";
			};
			name = Debug;
		};
		08C872B528F655CF00DC859D /* Release */ = {
			isa = XCBuildConfiguration;
			baseConfigurationReference = 1B112C91231231F4F5451123 /* Pods-GoMoney.release.xcconfig */;
			buildSettings = {
				ASSETCATALOG_COMPILER_APPICON_NAME = AppIcon;
				ASSETCATALOG_COMPILER_GLOBAL_ACCENT_COLOR_NAME = AccentColor;
				CODE_SIGN_STYLE = Automatic;
				CURRENT_PROJECT_VERSION = 1;
				GENERATE_INFOPLIST_FILE = YES;
				INFOPLIST_FILE = GoMoney/Info.plist;
				INFOPLIST_KEY_UIApplicationSupportsIndirectInputEvents = YES;
				INFOPLIST_KEY_UILaunchStoryboardName = LaunchScreen;
				INFOPLIST_KEY_UISupportedInterfaceOrientations_iPad = "UIInterfaceOrientationPortrait UIInterfaceOrientationPortraitUpsideDown UIInterfaceOrientationLandscapeLeft UIInterfaceOrientationLandscapeRight";
				INFOPLIST_KEY_UISupportedInterfaceOrientations_iPhone = "UIInterfaceOrientationPortrait UIInterfaceOrientationLandscapeLeft UIInterfaceOrientationLandscapeRight";
				LD_RUNPATH_SEARCH_PATHS = (
					"$(inherited)",
					"@executable_path/Frameworks",
				);
				MARKETING_VERSION = 1.0;
				PRODUCT_BUNDLE_IDENTIFIER = com.ln.GoMoney;
				PRODUCT_NAME = "$(TARGET_NAME)";
				SWIFT_EMIT_LOC_STRINGS = YES;
				SWIFT_VERSION = 5.0;
				TARGETED_DEVICE_FAMILY = "1,2";
			};
			name = Release;
		};
/* End XCBuildConfiguration section */

/* Begin XCConfigurationList section */
		08C8729A28F655CD00DC859D /* Build configuration list for PBXProject "GoMoney" */ = {
			isa = XCConfigurationList;
			buildConfigurations = (
				08C872B128F655CF00DC859D /* Debug */,
				08C872B228F655CF00DC859D /* Release */,
			);
			defaultConfigurationIsVisible = 0;
			defaultConfigurationName = Release;
		};
		08C872B328F655CF00DC859D /* Build configuration list for PBXNativeTarget "GoMoney" */ = {
			isa = XCConfigurationList;
			buildConfigurations = (
				08C872B428F655CF00DC859D /* Debug */,
				08C872B528F655CF00DC859D /* Release */,
			);
			defaultConfigurationIsVisible = 0;
			defaultConfigurationName = Release;
		};
/* End XCConfigurationList section */
	};
	rootObject = 08C8729728F655CD00DC859D /* Project object */;
}
